
Microsoft Visual Studio Solution File, Format Version 12.00
# Visual Studio 15
VisualStudioVersion = 15.0.26124.0
MinimumVisualStudioVersion = 15.0.26124.0
Project("{FAE04EC0-301F-11D3-BF4B-00C04F79EFBC}") = "CheckMyTicket", "CheckMyTicket\CheckMyTicket.csproj", "{DD6C8CF0-92A9-458A-8275-8AB54D549917}"
EndProject
Project("{FAE04EC0-301F-11D3-BF4B-00C04F79EFBC}") = "CheckMyTicket.Tests", "CheckMyTicket.Tests\CheckMyTicket.Tests.csproj", "{09AB50B3-9281-4702-A046-1DC9183A6C79}"
EndProject
Global
	GlobalSection(SolutionConfigurationPlatforms) = preSolution
		Debug|Any CPU = Debug|Any CPU
		Debug|x64 = Debug|x64
		Debug|x86 = Debug|x86
		Release|Any CPU = Release|Any CPU
		Release|x64 = Release|x64
		Release|x86 = Release|x86
	EndGlobalSection
	GlobalSection(SolutionProperties) = preSolution
		HideSolutionNode = FALSE
	EndGlobalSection
	GlobalSection(ProjectConfigurationPlatforms) = postSolution
		{DD6C8CF0-92A9-458A-8275-8AB54D549917}.Debug|Any CPU.ActiveCfg = Debug|Any CPU
		{DD6C8CF0-92A9-458A-8275-8AB54D549917}.Debug|Any CPU.Build.0 = Debug|Any CPU
		{DD6C8CF0-92A9-458A-8275-8AB54D549917}.Debug|x64.ActiveCfg = Debug|Any CPU
		{DD6C8CF0-92A9-458A-8275-8AB54D549917}.Debug|x64.Build.0 = Debug|Any CPU
		{DD6C8CF0-92A9-458A-8275-8AB54D549917}.Debug|x86.ActiveCfg = Debug|Any CPU
		{DD6C8CF0-92A9-458A-8275-8AB54D549917}.Debug|x86.Build.0 = Debug|Any CPU
		{DD6C8CF0-92A9-458A-8275-8AB54D549917}.Release|Any CPU.ActiveCfg = Release|Any CPU
		{DD6C8CF0-92A9-458A-8275-8AB54D549917}.Release|Any CPU.Build.0 = Release|Any CPU
		{DD6C8CF0-92A9-458A-8275-8AB54D549917}.Release|x64.ActiveCfg = Release|Any CPU
		{DD6C8CF0-92A9-458A-8275-8AB54D549917}.Release|x64.Build.0 = Release|Any CPU
		{DD6C8CF0-92A9-458A-8275-8AB54D549917}.Release|x86.ActiveCfg = Release|Any CPU
		{DD6C8CF0-92A9-458A-8275-8AB54D549917}.Release|x86.Build.0 = Release|Any CPU
		{09AB50B3-9281-4702-A046-1DC9183A6C79}.Debug|Any CPU.ActiveCfg = Debug|Any CPU
		{09AB50B3-9281-4702-A046-1DC9183A6C79}.Debug|Any CPU.Build.0 = Debug|Any CPU
		{09AB50B3-9281-4702-A046-1DC9183A6C79}.Debug|x64.ActiveCfg = Debug|Any CPU
		{09AB50B3-9281-4702-A046-1DC9183A6C79}.Debug|x64.Build.0 = Debug|Any CPU
		{09AB50B3-9281-4702-A046-1DC9183A6C79}.Debug|x86.ActiveCfg = Debug|Any CPU
		{09AB50B3-9281-4702-A046-1DC9183A6C79}.Debug|x86.Build.0 = Debug|Any CPU
		{09AB50B3-9281-4702-A046-1DC9183A6C79}.Release|Any CPU.ActiveCfg = Release|Any CPU
		{09AB50B3-9281-4702-A046-1DC9183A6C79}.Release|Any CPU.Build.0 = Release|Any CPU
		{09AB50B3-9281-4702-A046-1DC9183A6C79}.Release|x64.ActiveCfg = Release|Any CPU
		{09AB50B3-9281-4702-A046-1DC9183A6C79}.Release|x64.Build.0 = Release|Any CPU
		{09AB50B3-9281-4702-A046-1DC9183A6C79}.Release|x86.ActiveCfg = Release|Any CPU
		{09AB50B3-9281-4702-A046-1DC9183A6C79}.Release|x86.Build.0 = Release|Any CPU
	EndGlobalSection
EndGlobal
